{
  "schema_version": 1,
  "cargo_lock_sha256": "f433df70d0eedcfe91fbd5267519378512401e0d0957fed0c8eb9bc479ddd21c",
  "target_resolves": {
    "base": {
      "bitflags-2.11.0": {
        "runtime_dependencies": [],
        "build_dependencies": [],
        "features": [
          "std"
        ]
      },
      "block2-0.6.2": {
        "runtime_dependencies": [
          {
            "name": "objc2",
            "package_key": "objc2-0.6.4",
            "kind": "normal",
            "features": [
              "std"
            ],
            "uses_default_features": false,
            "optional": false,
            "target": null,
            "tree": "target"
          }
        ],
        "build_dependencies": [],
        "features": [
          "alloc",
          "default",
          "std"
        ]
      },
      "cc-1.2.57": {
        "runtime_dependencies": [
          {
            "name": "find_msvc_tools",
            "package_key": "find-msvc-tools-0.1.9",
            "kind": "normal",
            "features": [],
            "uses_default_features": true,
            "optional": false,
            "target": null,
            "tree": "target"
          },
          {
            "name": "shlex",
            "package_key": "shlex-1.3.0",
            "kind": "normal",
            "features": [],
            "uses_default_features": true,
            "optional": false,
            "target": null,
            "tree": "target"
          }
        ],
        "build_dependencies": [],
        "features": []
      },
      "dispatch2-0.3.1": {
        "runtime_dependencies": [
          {
            "name": "bitflags",
            "package_key": "bitflags-2.11.0",
            "kind": "normal",
            "features": [
              "std"
            ],
            "uses_default_features": false,
            "optional": false,
            "target": null,
            "tree": "target"
          },
          {
            "name": "block2",
            "package_key": "block2-0.6.2",
            "kind": "normal",
            "features": [
              "alloc"
            ],
            "uses_default_features": false,
            "optional": true,
            "target": null,
            "tree": "target"
          },
          {
            "name": "libc",
            "package_key": "libc-0.2.183",
            "kind": "normal",
            "features": [],
            "uses_default_features": false,
            "optional": true,
            "target": null,
            "tree": "target"
          },
          {
            "name": "objc2",
            "package_key": "objc2-0.6.4",
            "kind": "normal",
            "features": [
              "std"
            ],
            "uses_default_features": false,
            "optional": true,
            "target": null,
            "tree": "target"
          }
        ],
        "build_dependencies": [],
        "features": [
          "alloc",
          "block2",
          "default",
          "libc",
          "objc2",
          "std"
        ]
      },
      "find-msvc-tools-0.1.9": {
        "runtime_dependencies": [],
        "build_dependencies": [],
        "features": []
      },
      "kasou-0.1.0": {
        "runtime_dependencies": [
          {
            "name": "block2",
            "package_key": "block2-0.6.2",
            "kind": "normal",
            "features": [],
            "uses_default_features": true,
            "optional": false,
            "target": null,
            "tree": "target"
          },
          {
            "name": "dispatch2",
            "package_key": "dispatch2-0.3.1",
            "kind": "normal",
            "features": [],
            "uses_default_features": true,
            "optional": false,
            "target": null,
            "tree": "target"
          },
          {
            "name": "objc2",
            "package_key": "objc2-0.6.4",
            "kind": "normal",
            "features": [
              "exception"
            ],
            "uses_default_features": true,
            "optional": false,
            "target": null,
            "tree": "target"
          },
          {
            "name": "objc2_foundation",
            "package_key": "objc2-foundation-0.3.2",
            "kind": "normal",
            "features": [],
            "uses_default_features": true,
            "optional": false,
            "target": null,
            "tree": "target"
          },
          {
            "name": "objc2_virtualization",
            "package_key": "objc2-virtualization-0.3.2",
            "kind": "normal",
            "features": [],
            "uses_default_features": true,
            "optional": false,
            "target": null,
            "tree": "target"
          },
          {
            "name": "serde",
            "package_key": "serde-1.0.228",
            "kind": "normal",
            "features": [
              "derive"
            ],
            "uses_default_features": true,
            "optional": false,
            "target": null,
            "tree": "target"
          },
          {
            "name": "thiserror",
            "package_key": "thiserror-2.0.18",
            "kind": "normal",
            "features": [],
            "uses_default_features": true,
            "optional": false,
            "target": null,
            "tree": "target"
          },
          {
            "name": "tokio",
            "package_key": "tokio-1.50.0",
            "kind": "normal",
            "features": [
              "sync"
            ],
            "uses_default_features": true,
            "optional": false,
            "target": null,
            "tree": "target"
          },
          {
            "name": "tracing",
            "package_key": "tracing-0.1.44",
            "kind": "normal",
            "features": [],
            "uses_default_features": true,
            "optional": false,
            "target": null,
            "tree": "target"
          }
        ],
        "build_dependencies": [],
        "features": []
      },
      "libc-0.2.183": {
        "runtime_dependencies": [],
        "build_dependencies": [],
        "features": []
      },
      "objc2-0.6.4": {
        "runtime_dependencies": [
          {
            "name": "objc2_encode",
            "package_key": "objc2-encode-4.1.0",
            "kind": "normal",
            "features": [],
            "uses_default_features": true,
            "optional": false,
            "target": null,
            "tree": "target"
          },
          {
            "name": "objc2_exception_helper",
            "package_key": "objc2-exception-helper-0.1.1",
            "kind": "normal",
            "features": [],
            "uses_default_features": true,
            "optional": false,
            "target": null,
            "tree": "target"
          }
        ],
        "build_dependencies": [],
        "features": [
          "alloc",
          "default",
          "exception",
          "std"
        ]
      },
      "objc2-app-kit-0.3.2": {
        "runtime_dependencies": [
          {
            "name": "bitflags",
            "package_key": "bitflags-2.11.0",
            "kind": "normal",
            "features": [
              "std"
            ],
            "uses_default_features": false,
            "optional": true,
            "target": null,
            "tree": "target"
          },
          {
            "name": "objc2",
            "package_key": "objc2-0.6.4",
            "kind": "normal",
            "features": [
              "std"
            ],
            "uses_default_features": false,
            "optional": false,
            "target": null,
            "tree": "target"
          },
          {
            "name": "objc2_foundation",
            "package_key": "objc2-foundation-0.3.2",
            "kind": "normal",
            "features": [],
            "uses_default_features": true,
            "optional": false,
            "target": null,
            "tree": "target"
          }
        ],
        "build_dependencies": [],
        "features": [
          "NSAccessibilityProtocols",
          "NSAnimation",
          "NSAppearance",
          "NSDragging",
          "NSResponder",
          "NSScreen",
          "NSUserInterfaceItemIdentification",
          "NSView",
          "bitflags"
        ]
      },
      "objc2-core-foundation-0.3.2": {
        "runtime_dependencies": [
          {
            "name": "bitflags",
            "package_key": "bitflags-2.11.0",
            "kind": "normal",
            "features": [
              "std"
            ],
            "uses_default_features": false,
            "optional": true,
            "target": null,
            "tree": "target"
          },
          {
            "name": "dispatch2",
            "package_key": "dispatch2-0.3.1",
            "kind": "normal",
            "features": [
              "alloc"
            ],
            "uses_default_features": false,
            "optional": true,
            "target": null,
            "tree": "target"
          },
          {
            "name": "objc2",
            "package_key": "objc2-0.6.4",
            "kind": "normal",
            "features": [
              "std"
            ],
            "uses_default_features": false,
            "optional": true,
            "target": null,
            "tree": "target"
          }
        ],
        "build_dependencies": [],
        "features": [
          "CFArray",
          "CFAttributedString",
          "CFCGTypes",
          "CFCalendar",
          "CFCharacterSet",
          "CFData",
          "CFDate",
          "CFDictionary",
          "CFError",
          "CFFileSecurity",
          "CFLocale",
          "CFMachPort",
          "CFMessagePort",
          "CFRunLoop",
          "CFSet",
          "CFStream",
          "CFURL",
          "bitflags",
          "objc2"
        ]
      },
      "objc2-encode-4.1.0": {
        "runtime_dependencies": [],
        "build_dependencies": [],
        "features": [
          "alloc",
          "std"
        ]
      },
      "objc2-exception-helper-0.1.1": {
        "runtime_dependencies": [],
        "build_dependencies": [
          {
            "name": "cc",
            "package_key": "cc-1.2.57",
            "kind": "build",
            "features": [],
            "uses_default_features": true,
            "optional": false,
            "target": null,
            "tree": "host"
          }
        ],
        "features": []
      },
      "objc2-foundation-0.3.2": {
        "runtime_dependencies": [
          {
            "name": "bitflags",
            "package_key": "bitflags-2.11.0",
            "kind": "normal",
            "features": [
              "std"
            ],
            "uses_default_features": false,
            "optional": true,
            "target": null,
            "tree": "target"
          },
          {
            "name": "block2",
            "package_key": "block2-0.6.2",
            "kind": "normal",
            "features": [
              "alloc"
            ],
            "uses_default_features": false,
            "optional": true,
            "target": null,
            "tree": "target"
          },
          {
            "name": "libc",
            "package_key": "libc-0.2.183",
            "kind": "normal",
            "features": [],
            "uses_default_features": false,
            "optional": true,
            "target": null,
            "tree": "target"
          },
          {
            "name": "objc2",
            "package_key": "objc2-0.6.4",
            "kind": "normal",
            "features": [
              "std"
            ],
            "uses_default_features": false,
            "optional": false,
            "target": null,
            "tree": "target"
          },
          {
            "name": "objc2_core_foundation",
            "package_key": "objc2-core-foundation-0.3.2",
            "kind": "normal",
            "features": [],
            "uses_default_features": true,
            "optional": false,
            "target": null,
            "tree": "target"
          }
        ],
        "build_dependencies": [],
        "features": [
          "FoundationErrors",
          "FoundationLegacySwiftCompatibility",
          "NSAffineTransform",
          "NSAppleEventDescriptor",
          "NSAppleEventManager",
          "NSAppleScript",
          "NSArchiver",
          "NSArray",
          "NSAttributedString",
          "NSAutoreleasePool",
          "NSBackgroundActivityScheduler",
          "NSBundle",
          "NSByteCountFormatter",
          "NSByteOrder",
          "NSCache",
          "NSCalendar",
          "NSCalendarDate",
          "NSCharacterSet",
          "NSClassDescription",
          "NSCoder",
          "NSComparisonPredicate",
          "NSCompoundPredicate",
          "NSConnection",
          "NSData",
          "NSDate",
          "NSDateComponentsFormatter",
          "NSDateFormatter",
          "NSDateInterval",
          "NSDateIntervalFormatter",
          "NSDebug",
          "NSDecimal",
          "NSDecimalNumber",
          "NSDictionary",
          "NSDistantObject",
          "NSDistributedLock",
          "NSDistributedNotificationCenter",
          "NSEnergyFormatter",
          "NSEnumerator",
          "NSError",
          "NSException",
          "NSExpression",
          "NSExtensionContext",
          "NSExtensionItem",
          "NSExtensionRequestHandling",
          "NSFileCoordinator",
          "NSFileHandle",
          "NSFileManager",
          "NSFilePresenter",
          "NSFileVersion",
          "NSFileWrapper",
          "NSFormatter",
          "NSGarbageCollector",
          "NSGeometry",
          "NSHFSFileTypes",
          "NSHTTPCookie",
          "NSHTTPCookieStorage",
          "NSHashTable",
          "NSHost",
          "NSISO8601DateFormatter",
          "NSIndexPath",
          "NSIndexSet",
          "NSInflectionRule",
          "NSInvocation",
          "NSItemProvider",
          "NSJSONSerialization",
          "NSKeyValueCoding",
          "NSKeyValueObserving",
          "NSKeyValueSharedObservers",
          "NSKeyedArchiver",
          "NSLengthFormatter",
          "NSLinguisticTagger",
          "NSListFormatter",
          "NSLocale",
          "NSLocalizedNumberFormatRule",
          "NSLock",
          "NSMapTable",
          "NSMassFormatter",
          "NSMeasurement",
          "NSMeasurementFormatter",
          "NSMetadata",
          "NSMetadataAttributes",
          "NSMethodSignature",
          "NSMorphology",
          "NSNetServices",
          "NSNotification",
          "NSNotificationQueue",
          "NSNull",
          "NSNumberFormatter",
          "NSObjCRuntime",
          "NSObject",
          "NSObjectScripting",
          "NSOperation",
          "NSOrderedCollectionChange",
          "NSOrderedCollectionDifference",
          "NSOrderedSet",
          "NSOrthography",
          "NSPathUtilities",
          "NSPersonNameComponents",
          "NSPersonNameComponentsFormatter",
          "NSPointerArray",
          "NSPointerFunctions",
          "NSPort",
          "NSPortCoder",
          "NSPortMessage",
          "NSPortNameServer",
          "NSPredicate",
          "NSProcessInfo",
          "NSProgress",
          "NSPropertyList",
          "NSProtocolChecker",
          "NSProxy",
          "NSRange",
          "NSRegularExpression",
          "NSRelativeDateTimeFormatter",
          "NSRunLoop",
          "NSScanner",
          "NSScriptClassDescription",
          "NSScriptCoercionHandler",
          "NSScriptCommand",
          "NSScriptCommandDescription",
          "NSScriptExecutionContext",
          "NSScriptKeyValueCoding",
          "NSScriptObjectSpecifiers",
          "NSScriptStandardSuiteCommands",
          "NSScriptSuiteRegistry",
          "NSScriptWhoseTests",
          "NSSet",
          "NSSortDescriptor",
          "NSSpellServer",
          "NSStream",
          "NSString",
          "NSTask",
          "NSTermOfAddress",
          "NSTextCheckingResult",
          "NSThread",
          "NSTimeZone",
          "NSTimer",
          "NSURL",
          "NSURLAuthenticationChallenge",
          "NSURLCache",
          "NSURLConnection",
          "NSURLCredential",
          "NSURLCredentialStorage",
          "NSURLDownload",
          "NSURLError",
          "NSURLHandle",
          "NSURLProtectionSpace",
          "NSURLProtocol",
          "NSURLRequest",
          "NSURLResponse",
          "NSURLSession",
          "NSUUID",
          "NSUbiquitousKeyValueStore",
          "NSUndoManager",
          "NSUnit",
          "NSUserActivity",
          "NSUserDefaults",
          "NSUserNotification",
          "NSUserScriptTask",
          "NSValue",
          "NSValueTransformer",
          "NSXMLDTD",
          "NSXMLDTDNode",
          "NSXMLDocument",
          "NSXMLElement",
          "NSXMLNode",
          "NSXMLNodeOptions",
          "NSXMLParser",
          "NSXPCConnection",
          "NSZone",
          "alloc",
          "bitflags",
          "block2",
          "default",
          "libc",
          "objc2-core-foundation",
          "std"
        ]
      },
      "objc2-virtualization-0.3.2": {
        "runtime_dependencies": [
          {
            "name": "bitflags",
            "package_key": "bitflags-2.11.0",
            "kind": "normal",
            "features": [
              "std"
            ],
            "uses_default_features": false,
            "optional": true,
            "target": null,
            "tree": "target"
          },
          {
            "name": "block2",
            "package_key": "block2-0.6.2",
            "kind": "normal",
            "features": [
              "alloc"
            ],
            "uses_default_features": false,
            "optional": true,
            "target": null,
            "tree": "target"
          },
          {
            "name": "dispatch2",
            "package_key": "dispatch2-0.3.1",
            "kind": "normal",
            "features": [
              "alloc",
              "objc2"
            ],
            "uses_default_features": false,
            "optional": true,
            "target": null,
            "tree": "target"
          },
          {
            "name": "objc2",
            "package_key": "objc2-0.6.4",
            "kind": "normal",
            "features": [
              "std"
            ],
            "uses_default_features": false,
            "optional": false,
            "target": null,
            "tree": "target"
          },
          {
            "name": "objc2_app_kit",
            "package_key": "objc2-app-kit-0.3.2",
            "kind": "normal",
            "features": [],
            "uses_default_features": true,
            "optional": false,
            "target": null,
            "tree": "target"
          },
          {
            "name": "objc2_core_foundation",
            "package_key": "objc2-core-foundation-0.3.2",
            "kind": "normal",
            "features": [],
            "uses_default_features": true,
            "optional": false,
            "target": null,
            "tree": "target"
          },
          {
            "name": "objc2_foundation",
            "package_key": "objc2-foundation-0.3.2",
            "kind": "normal",
            "features": [],
            "uses_default_features": true,
            "optional": false,
            "target": null,
            "tree": "target"
          }
        ],
        "build_dependencies": [],
        "features": [
          "VZAudioDeviceConfiguration",
          "VZAudioInputStreamSource",
          "VZAudioOutputStreamSink",
          "VZBootLoader",
          "VZBridgedNetworkDeviceAttachment",
          "VZBridgedNetworkInterface",
          "VZConsoleDevice",
          "VZConsoleDeviceConfiguration",
          "VZConsolePortConfiguration",
          "VZDefines",
          "VZDirectoryShare",
          "VZDirectorySharingDevice",
          "VZDirectorySharingDeviceConfiguration",
          "VZDiskBlockDeviceStorageDeviceAttachment",
          "VZDiskImageStorageDeviceAttachment",
          "VZDiskSynchronizationMode",
          "VZEFIBootLoader",
          "VZEFIVariableStore",
          "VZEntropyDeviceConfiguration",
          "VZError",
          "VZFileHandleNetworkDeviceAttachment",
          "VZFileHandleSerialPortAttachment",
          "VZFileSerialPortAttachment",
          "VZGenericMachineIdentifier",
          "VZGenericPlatformConfiguration",
          "VZGraphicsDevice",
          "VZGraphicsDeviceConfiguration",
          "VZGraphicsDisplay",
          "VZGraphicsDisplayConfiguration",
          "VZHostAudioInputStreamSource",
          "VZHostAudioOutputStreamSink",
          "VZKeyboardConfiguration",
          "VZLinuxBootLoader",
          "VZLinuxRosettaAbstractSocketCachingOptions",
          "VZLinuxRosettaCachingOptions",
          "VZLinuxRosettaDirectoryShare",
          "VZLinuxRosettaUnixSocketCachingOptions",
          "VZMACAddress",
          "VZMacAuxiliaryStorage",
          "VZMacGraphicsDevice",
          "VZMacGraphicsDeviceConfiguration",
          "VZMacGraphicsDisplay",
          "VZMacGraphicsDisplayConfiguration",
          "VZMacHardwareModel",
          "VZMacKeyboardConfiguration",
          "VZMacMachineIdentifier",
          "VZMacOSBootLoader",
          "VZMacOSConfigurationRequirements",
          "VZMacOSInstaller",
          "VZMacOSRestoreImage",
          "VZMacOSVirtualMachineStartOptions",
          "VZMacPlatformConfiguration",
          "VZMacTrackpadConfiguration",
          "VZMemoryBalloonDevice",
          "VZMemoryBalloonDeviceConfiguration",
          "VZMultipleDirectoryShare",
          "VZNATNetworkDeviceAttachment",
          "VZNVMExpressControllerDeviceConfiguration",
          "VZNetworkBlockDeviceStorageDeviceAttachment",
          "VZNetworkDevice",
          "VZNetworkDeviceAttachment",
          "VZNetworkDeviceConfiguration",
          "VZPlatformConfiguration",
          "VZPointingDeviceConfiguration",
          "VZSerialPortAttachment",
          "VZSerialPortConfiguration",
          "VZSharedDirectory",
          "VZSingleDirectoryShare",
          "VZSocketDevice",
          "VZSocketDeviceConfiguration",
          "VZSpiceAgentPortAttachment",
          "VZStorageDevice",
          "VZStorageDeviceAttachment",
          "VZStorageDeviceConfiguration",
          "VZUSBController",
          "VZUSBControllerConfiguration",
          "VZUSBDevice",
          "VZUSBDeviceConfiguration",
          "VZUSBKeyboardConfiguration",
          "VZUSBMassStorageDevice",
          "VZUSBMassStorageDeviceConfiguration",
          "VZUSBScreenCoordinatePointingDeviceConfiguration",
          "VZVirtioBlockDeviceConfiguration",
          "VZVirtioConsoleDevice",
          "VZVirtioConsoleDeviceConfiguration",
          "VZVirtioConsoleDeviceSerialPortConfiguration",
          "VZVirtioConsolePort",
          "VZVirtioConsolePortArray",
          "VZVirtioConsolePortConfiguration",
          "VZVirtioConsolePortConfigurationArray",
          "VZVirtioEntropyDeviceConfiguration",
          "VZVirtioFileSystemDevice",
          "VZVirtioFileSystemDeviceConfiguration",
          "VZVirtioGraphicsDevice",
          "VZVirtioGraphicsDeviceConfiguration",
          "VZVirtioGraphicsScanout",
          "VZVirtioGraphicsScanoutConfiguration",
          "VZVirtioNetworkDeviceConfiguration",
          "VZVirtioSocketConnection",
          "VZVirtioSocketDevice",
          "VZVirtioSocketDeviceConfiguration",
          "VZVirtioSocketListener",
          "VZVirtioSoundDeviceConfiguration",
          "VZVirtioSoundDeviceInputStreamConfiguration",
          "VZVirtioSoundDeviceOutputStreamConfiguration",
          "VZVirtioSoundDeviceStreamConfiguration",
          "VZVirtioTraditionalMemoryBalloonDevice",
          "VZVirtioTraditionalMemoryBalloonDeviceConfiguration",
          "VZVirtualMachine",
          "VZVirtualMachineConfiguration",
          "VZVirtualMachineDelegate",
          "VZVirtualMachineStartOptions",
          "VZVirtualMachineView",
          "VZVmnetNetworkDeviceAttachment",
          "VZXHCIController",
          "VZXHCIControllerConfiguration",
          "alloc",
          "bitflags",
          "block2",
          "default",
          "dispatch2",
          "objc2-app-kit",
          "objc2-core-foundation",
          "std"
        ]
      },
      "once_cell-1.21.4": {
        "runtime_dependencies": [],
        "build_dependencies": [],
        "features": [
          "alloc",
          "default",
          "race",
          "std"
        ]
      },
      "pin-project-lite-0.2.17": {
        "runtime_dependencies": [],
        "build_dependencies": [],
        "features": []
      },
      "proc-macro2-1.0.106": {
        "runtime_dependencies": [
          {
            "name": "unicode_ident",
            "package_key": "unicode-ident-1.0.24",
            "kind": "normal",
            "features": [],
            "uses_default_features": true,
            "optional": false,
            "target": null,
            "tree": "target"
          }
        ],
        "build_dependencies": [],
        "features": [
          "default",
          "proc-macro"
        ]
      },
      "quote-1.0.45": {
        "runtime_dependencies": [
          {
            "name": "proc_macro2",
            "package_key": "proc-macro2-1.0.106",
            "kind": "normal",
            "features": [],
            "uses_default_features": true,
            "optional": false,
            "target": null,
            "tree": "target"
          }
        ],
        "build_dependencies": [],
        "features": [
          "default",
          "proc-macro"
        ]
      },
      "serde-1.0.228": {
        "runtime_dependencies": [
          {
            "name": "serde_core",
            "package_key": "serde_core-1.0.228",
            "kind": "normal",
            "features": [
              "result"
            ],
            "uses_default_features": false,
            "optional": false,
            "target": null,
            "tree": "target"
          },
          {
            "name": "serde_derive",
            "package_key": "serde_derive-1.0.228",
            "kind": "normal",
            "features": [],
            "uses_default_features": true,
            "optional": true,
            "target": null,
            "tree": "host"
          }
        ],
        "build_dependencies": [],
        "features": [
          "default",
          "derive",
          "serde_derive",
          "std"
        ]
      },
      "serde_core-1.0.228": {
        "runtime_dependencies": [],
        "build_dependencies": [],
        "features": [
          "result",
          "std"
        ]
      },
      "serde_derive-1.0.228": {
        "runtime_dependencies": [
          {
            "name": "proc_macro2",
            "package_key": "proc-macro2-1.0.106",
            "kind": "normal",
            "features": [],
            "uses_default_features": true,
            "optional": false,
            "target": null,
            "tree": "target"
          },
          {
            "name": "quote",
            "package_key": "quote-1.0.45",
            "kind": "normal",
            "features": [
              "proc-macro"
            ],
            "uses_default_features": false,
            "optional": false,
            "target": null,
            "tree": "target"
          },
          {
            "name": "syn",
            "package_key": "syn-2.0.117",
            "kind": "normal",
            "features": [
              "clone-impls",
              "derive",
              "parsing",
              "printing",
              "proc-macro"
            ],
            "uses_default_features": false,
            "optional": false,
            "target": null,
            "tree": "target"
          }
        ],
        "build_dependencies": [],
        "features": [
          "default"
        ]
      },
      "shlex-1.3.0": {
        "runtime_dependencies": [],
        "build_dependencies": [],
        "features": [
          "default",
          "std"
        ]
      },
      "syn-2.0.117": {
        "runtime_dependencies": [
          {
            "name": "proc_macro2",
            "package_key": "proc-macro2-1.0.106",
            "kind": "normal",
            "features": [],
            "uses_default_features": true,
            "optional": false,
            "target": null,
            "tree": "target"
          },
          {
            "name": "quote",
            "package_key": "quote-1.0.45",
            "kind": "normal",
            "features": [],
            "uses_default_features": false,
            "optional": true,
            "target": null,
            "tree": "target"
          },
          {
            "name": "unicode_ident",
            "package_key": "unicode-ident-1.0.24",
            "kind": "normal",
            "features": [],
            "uses_default_features": true,
            "optional": false,
            "target": null,
            "tree": "target"
          }
        ],
        "build_dependencies": [],
        "features": [
          "clone-impls",
          "default",
          "derive",
          "extra-traits",
          "full",
          "parsing",
          "printing",
          "proc-macro",
          "visit-mut"
        ]
      },
      "thiserror-2.0.18": {
        "runtime_dependencies": [
          {
            "name": "thiserror_impl",
            "package_key": "thiserror-impl-2.0.18",
            "kind": "normal",
            "features": [],
            "uses_default_features": true,
            "optional": false,
            "target": null,
            "tree": "host"
          }
        ],
        "build_dependencies": [],
        "features": [
          "default",
          "std"
        ]
      },
      "thiserror-impl-2.0.18": {
        "runtime_dependencies": [
          {
            "name": "proc_macro2",
            "package_key": "proc-macro2-1.0.106",
            "kind": "normal",
            "features": [],
            "uses_default_features": true,
            "optional": false,
            "target": null,
            "tree": "target"
          },
          {
            "name": "quote",
            "package_key": "quote-1.0.45",
            "kind": "normal",
            "features": [],
            "uses_default_features": true,
            "optional": false,
            "target": null,
            "tree": "target"
          },
          {
            "name": "syn",
            "package_key": "syn-2.0.117",
            "kind": "normal",
            "features": [],
            "uses_default_features": true,
            "optional": false,
            "target": null,
            "tree": "target"
          }
        ],
        "build_dependencies": [],
        "features": []
      },
      "tokio-1.50.0": {
        "runtime_dependencies": [
          {
            "name": "pin_project_lite",
            "package_key": "pin-project-lite-0.2.17",
            "kind": "normal",
            "features": [],
            "uses_default_features": true,
            "optional": false,
            "target": null,
            "tree": "target"
          },
          {
            "name": "tokio_macros",
            "package_key": "tokio-macros-2.6.1",
            "kind": "normal",
            "features": [],
            "uses_default_features": true,
            "optional": false,
            "target": null,
            "tree": "host"
          }
        ],
        "build_dependencies": [],
        "features": [
          "default",
          "macros",
          "rt",
          "rt-multi-thread",
          "sync",
          "tokio-macros"
        ]
      },
      "tokio-macros-2.6.1": {
        "runtime_dependencies": [
          {
            "name": "proc_macro2",
            "package_key": "proc-macro2-1.0.106",
            "kind": "normal",
            "features": [],
            "uses_default_features": true,
            "optional": false,
            "target": null,
            "tree": "target"
          },
          {
            "name": "quote",
            "package_key": "quote-1.0.45",
            "kind": "normal",
            "features": [],
            "uses_default_features": true,
            "optional": false,
            "target": null,
            "tree": "target"
          },
          {
            "name": "syn",
            "package_key": "syn-2.0.117",
            "kind": "normal",
            "features": [
              "full"
            ],
            "uses_default_features": true,
            "optional": false,
            "target": null,
            "tree": "target"
          }
        ],
        "build_dependencies": [],
        "features": []
      },
      "tracing-0.1.44": {
        "runtime_dependencies": [
          {
            "name": "pin_project_lite",
            "package_key": "pin-project-lite-0.2.17",
            "kind": "normal",
            "features": [],
            "uses_default_features": true,
            "optional": false,
            "target": null,
            "tree": "target"
          },
          {
            "name": "tracing_attributes",
            "package_key": "tracing-attributes-0.1.31",
            "kind": "normal",
            "features": [],
            "uses_default_features": true,
            "optional": false,
            "target": null,
            "tree": "host"
          },
          {
            "name": "tracing_core",
            "package_key": "tracing-core-0.1.36",
            "kind": "normal",
            "features": [],
            "uses_default_features": true,
            "optional": false,
            "target": null,
            "tree": "target"
          }
        ],
        "build_dependencies": [],
        "features": [
          "attributes",
          "default",
          "std",
          "tracing-attributes"
        ]
      },
      "tracing-attributes-0.1.31": {
        "runtime_dependencies": [
          {
            "name": "proc_macro2",
            "package_key": "proc-macro2-1.0.106",
            "kind": "normal",
            "features": [],
            "uses_default_features": true,
            "optional": false,
            "target": null,
            "tree": "target"
          },
          {
            "name": "quote",
            "package_key": "quote-1.0.45",
            "kind": "normal",
            "features": [],
            "uses_default_features": true,
            "optional": false,
            "target": null,
            "tree": "target"
          },
          {
            "name": "syn",
            "package_key": "syn-2.0.117",
            "kind": "normal",
            "features": [
              "full",
              "parsing",
              "printing",
              "visit-mut",
              "clone-impls",
              "extra-traits",
              "proc-macro"
            ],
            "uses_default_features": false,
            "optional": false,
            "target": null,
            "tree": "target"
          }
        ],
        "build_dependencies": [],
        "features": []
      },
      "tracing-core-0.1.36": {
        "runtime_dependencies": [
          {
            "name": "once_cell",
            "package_key": "once_cell-1.21.4",
            "kind": "normal",
            "features": [],
            "uses_default_features": true,
            "optional": true,
            "target": null,
            "tree": "target"
          }
        ],
        "build_dependencies": [],
        "features": [
          "once_cell",
          "std"
        ]
      },
      "unicode-ident-1.0.24": {
        "runtime_dependencies": [],
        "build_dependencies": [],
        "features": []
      }
    },
    "targets": {
      "aarch64-apple-darwin": {
        "overrides": {}
      },
      "x86_64-apple-darwin": {
        "overrides": {}
      },
      "x86_64-unknown-linux-gnu": {
        "overrides": {}
      },
      "x86_64-unknown-linux-musl": {
        "overrides": {}
      },
      "aarch64-unknown-linux-gnu": {
        "overrides": {}
      },
      "aarch64-unknown-linux-musl": {
        "overrides": {}
      }
    }
  },
  "per_crate": {
    "bitflags-2.11.0": {
      "edition": "2021"
    },
    "block2-0.6.2": {
      "edition": "2021"
    },
    "cc-1.2.57": {
      "edition": "2018"
    },
    "dispatch2-0.3.1": {
      "edition": "2021"
    },
    "find-msvc-tools-0.1.9": {
      "edition": "2018"
    },
    "kasou-0.1.0": {
      "edition": "2024",
      "lib_target": {
        "name": "kasou",
        "path": "src/lib.rs"
      }
    },
    "libc-0.2.183": {
      "edition": "2021",
      "build_script": "build.rs"
    },
    "objc2-0.6.4": {
      "edition": "2021",
      "build_script": "build.rs"
    },
    "objc2-app-kit-0.3.2": {
      "edition": "2021"
    },
    "objc2-core-foundation-0.3.2": {
      "edition": "2021"
    },
    "objc2-encode-4.1.0": {
      "edition": "2021"
    },
    "objc2-exception-helper-0.1.1": {
      "edition": "2021",
      "build_script": "build.rs",
      "links": "objc2_exception_helper_0_1"
    },
    "objc2-foundation-0.3.2": {
      "edition": "2021"
    },
    "objc2-virtualization-0.3.2": {
      "edition": "2021"
    },
    "once_cell-1.21.4": {
      "edition": "2021"
    },
    "pin-project-lite-0.2.17": {
      "edition": "2018"
    },
    "proc-macro2-1.0.106": {
      "edition": "2021",
      "build_script": "build.rs"
    },
    "quote-1.0.45": {
      "edition": "2021",
      "build_script": "build.rs"
    },
    "serde-1.0.228": {
      "edition": "2021",
      "build_script": "build.rs"
    },
    "serde_core-1.0.228": {
      "edition": "2021",
      "build_script": "build.rs"
    },
    "serde_derive-1.0.228": {
      "edition": "2021",
      "proc_macro": true
    },
    "shlex-1.3.0": {
      "edition": "2015"
    },
    "syn-2.0.117": {
      "edition": "2021"
    },
    "thiserror-2.0.18": {
      "edition": "2021",
      "build_script": "build.rs"
    },
    "thiserror-impl-2.0.18": {
      "edition": "2021",
      "proc_macro": true
    },
    "tokio-1.50.0": {
      "edition": "2021"
    },
    "tokio-macros-2.6.1": {
      "edition": "2021",
      "proc_macro": true
    },
    "tracing-0.1.44": {
      "edition": "2018"
    },
    "tracing-attributes-0.1.31": {
      "edition": "2018",
      "proc_macro": true
    },
    "tracing-core-0.1.36": {
      "edition": "2018"
    },
    "unicode-ident-1.0.24": {
      "edition": "2021"
    }
  },
  "git_nar_sha256": {},
  "flake_metadata": {}
}
